
Microsoft Visual Studio Solution File, Format Version 12.00
# Visual Studio 14
VisualStudioVersion = 14.0.23107.0
MinimumVisualStudioVersion = 10.0.40219.1
Project("{FAE04EC0-301F-11D3-BF4B-00C04F79EFBC}") = "Hello_World_Application", "Hello_World_Application\Hello_World_Application.csproj", "{7A6AF291-AD3C-4106-9E26-D0EFC449CECD}"
EndProject
Global
	GlobalSection(SolutionConfigurationPlatforms) = preSolution
		Debug|Any CPU = Debug|Any CPU
		Release|Any CPU = Release|Any CPU
	EndGlobalSection
	GlobalSection(ProjectConfigurationPlatforms) = postSolution
		{7A6AF291-AD3C-4106-9E26-D0EFC449CECD}.Debug|Any CPU.ActiveCfg = Debug|Any CPU
		{7A6AF291-AD3C-4106-9E26-D0EFC449CECD}.Debug|Any CPU.Build.0 = Debug|Any CPU
		{7A6AF291-AD3C-4106-9E26-D0EFC449CECD}.Release|Any CPU.ActiveCfg = Release|Any CPU
		{7A6AF291-AD3C-4106-9E26-D0EFC449CECD}.Release|Any CPU.Build.0 = Release|Any CPU
	EndGlobalSection
	GlobalSection(SolutionProperties) = preSolution
		HideSolutionNode = FALSE
	EndGlobalSection
EndGlobal
